{
  "lockfile_version": "1",
  "packages": {
    "git@latest": {
      "last_modified": "2025-06-20T02:24:11Z",
      "resolved": "github:NixOS/nixpkgs/076e8c6678d8c54204abcb4b1b14c366835a58bb#git",
      "source": "devbox-search",
      "version": "2.49.0",
      "systems": {
        "aarch64-darwin": {
          "outputs": [
            {
              "name": "out",
              "path": "/nix/store/ir2bhb7n3ngh0dg7p6jbhm1wa4d8gkb7-git-2.49.0",
              "default": true
            },
            {
              "name": "doc",
              "path": "/nix/store/f0bi1v08ki7pq6a4rzhjhnp5szj3940k-git-2.49.0-doc"
            }
          ],
          "store_path": "/nix/store/ir2bhb7n3ngh0dg7p6jbhm1wa4d8gkb7-git-2.49.0"
        },
        "aarch64-linux": {
          "outputs": [
            {
              "name": "out",
              "path": "/nix/store/5p8ljxbgnk31zxbz8hvrfkg1qfgiv3qi-git-2.49.0",
              "default": true
            },
            {
              "name": "doc",
              "path": "/nix/store/hxw5vli42579b8bkxv6nq2p2z4vjvw97-git-2.49.0-doc"
            },
            {
              "name": "debug",
              "path": "/nix/store/isw51rw1b78yw6k454m7h402k88n291w-git-2.49.0-debug"
            }
          ],
          "store_path": "/nix/store/5p8ljxbgnk31zxbz8hvrfkg1qfgiv3qi-git-2.49.0"
        },
        "x86_64-darwin": {
          "outputs": [
            {
              "name": "out",
              "path": "/nix/store/72qfjivfnm6kzdfbiavvici8bi3jzrs6-git-2.49.0",
              "default": true
            },
            {
              "name": "doc",
              "path": "/nix/store/900nidzjyaa0950wk104vzgb82h5wspi-git-2.49.0-doc"
            }
          ],
          "store_path": "/nix/store/72qfjivfnm6kzdfbiavvici8bi3jzrs6-git-2.49.0"
        },
        "x86_64-linux": {
          "outputs": [
            {
              "name": "out",
              "path": "/nix/store/rzqvhv48m3nh8g3j4k6jmz6yqy8apr95-git-2.49.0",
              "default": true
            },
            {
              "name": "debug",
              "path": "/nix/store/201xjz2py285323n3y7r30frdwbdnb6q-git-2.49.0-debug"
            },
            {
              "name": "doc",
              "path": "/nix/store/zcjdp82yx46w8yp1inxkkzb3a3k05a0m-git-2.49.0-doc"
            }
          ],
          "store_path": "/nix/store/rzqvhv48m3nh8g3j4k6jmz6yqy8apr95-git-2.49.0"
        }
      }
    },
    "github:NixOS/nixpkgs/nixpkgs-unstable": {
      "last_modified": "2025-07-09T16:14:05Z",
      "resolved": "github:NixOS/nixpkgs/be9e214982e20b8310878ac2baa063a961c1bdf6?lastModified=1752077645&narHash=sha256-HM791ZQtXV93xtCY%2BZxG1REzhQenSQO020cu6rHtAPk%3D"
    },
    "python3Packages.bcrypt": {
      "resolved": "github:NixOS/nixpkgs/75a52265bda7fd25e06e3a67dee3f0354e73243c#python3Packages.bcrypt",
      "source": "nixpkg",
      "systems": {
        "aarch64-darwin": {
          "outputs": [
            {
              "path": "/nix/store/0bialsv3mzc3hfkynkky2h4g0fkhl27b-python3.11-bcrypt-4.0.1",
              "default": true
            }
          ]
        }
      }
    },
    "python3Packages.pydantic": {
      "resolved": "github:NixOS/nixpkgs/75a52265bda7fd25e06e3a67dee3f0354e73243c#python3Packages.pydantic",
      "source": "nixpkg",
      "systems": {
        "aarch64-darwin": {
          "outputs": [
            {
              "path": "/nix/store/lmhr8skgkpbf8y9frfcfhyd1cwbp7d35-python3.11-pydantic-1.10.12",
              "default": true
            }
          ]
        }
      }
    },
    "python3Packages.pytest": {
      "resolved": "github:NixOS/nixpkgs/75a52265bda7fd25e06e3a67dee3f0354e73243c#python3Packages.pytest",
      "source": "nixpkg",
      "systems": {
        "aarch64-darwin": {
          "outputs": [
            {
              "path": "/nix/store/97pny9bx1msg7nlj5zgvj7abfyyx76rg-python3.11-pytest-7.4.2",
              "default": true
            }
          ]
        }
      }
    },
    "python3Packages.pytest-cov": {
      "resolved": "github:NixOS/nixpkgs/75a52265bda7fd25e06e3a67dee3f0354e73243c#python3Packages.pytest-cov",
      "source": "nixpkg",
      "systems": {
        "aarch64-darwin": {
          "outputs": [
            {
              "path": "/nix/store/a2j6csrpmnzfp2shblk00z3b4b6jdgax-python3.11-pytest-cov-4.1.0",
              "default": true
            }
          ]
        }
      }
    },
    "python3Packages.pyyaml": {
      "resolved": "github:NixOS/nixpkgs/75a52265bda7fd25e06e3a67dee3f0354e73243c#python3Packages.pyyaml",
      "source": "nixpkg",
      "systems": {
        "aarch64-darwin": {
          "outputs": [
            {
              "path": "/nix/store/wr951m2xcgnndqjdh7i51dknsmnbxa4f-python3.11-pyyaml-6.0.1",
              "default": true
            }
          ]
        }
      }
    },
    "python@3.11": {
      "last_modified": "2025-06-20T02:24:11Z",
      "plugin_version": "0.0.4",
      "resolved": "github:NixOS/nixpkgs/076e8c6678d8c54204abcb4b1b14c366835a58bb#python311",
      "source": "devbox-search",
      "version": "3.11.13",
      "systems": {
        "aarch64-darwin": {
          "outputs": [
            {
              "name": "out",
              "path": "/nix/store/qa0k8h8zngwdzan3cvsmkb1nfq5zb9c5-python3-3.11.13",
              "default": true
            }
          ],
          "store_path": "/nix/store/qa0k8h8zngwdzan3cvsmkb1nfq5zb9c5-python3-3.11.13"
        },
        "aarch64-linux": {
          "outputs": [
            {
              "name": "out",
              "path": "/nix/store/7wn1v5c5z8pf45pb12kic9xw4pdrsyl9-python3-3.11.13",
              "default": true
            },
            {
              "name": "debug",
              "path": "/nix/store/fy8ynxlxzhl3765y508yh945qsagpajf-python3-3.11.13-debug"
            }
          ],
          "store_path": "/nix/store/7wn1v5c5z8pf45pb12kic9xw4pdrsyl9-python3-3.11.13"
        },
        "x86_64-darwin": {
          "outputs": [
            {
              "name": "out",
              "path": "/nix/store/ylnasr0xkb01z2n6sskx9j1mq2nlilxb-python3-3.11.13",
              "default": true
            }
          ],
          "store_path": "/nix/store/ylnasr0xkb01z2n6sskx9j1mq2nlilxb-python3-3.11.13"
        },
        "x86_64-linux": {
          "outputs": [
            {
              "name": "out",
              "path": "/nix/store/rjjg82plny7gzlxh1pwjdmf7wd0zdwp3-python3-3.11.13",
              "default": true
            },
            {
              "name": "debug",
              "path": "/nix/store/b9109y466px7wgbsdl00idn0b2k3zzlx-python3-3.11.13-debug"
            }
          ],
          "store_path": "/nix/store/rjjg82plny7gzlxh1pwjdmf7wd0zdwp3-python3-3.11.13"
        }
      }
    }
  }
}
