{
  "lockfile_version": "1",
  "packages": {
    "git@latest": {
      "last_modified": "2026-03-02T11:03:52Z",
      "resolved": "github:NixOS/nixpkgs/dc7513872406b53d2ff417a003895d6daffdff2f#git",
      "source": "devbox-search",
      "version": "2.53.0",
      "systems": {
        "aarch64-darwin": {
          "outputs": [
            {
              "name": "out",
              "path": "/nix/store/rfbzyqcygzpyh5ncb79n07x8bhws2pq3-git-2.53.0",
              "default": true
            },
            {
              "name": "doc",
              "path": "/nix/store/lgbyzfz2j1j7g47331i5684765akl38m-git-2.53.0-doc"
            }
          ],
          "store_path": "/nix/store/rfbzyqcygzpyh5ncb79n07x8bhws2pq3-git-2.53.0"
        },
        "aarch64-linux": {
          "outputs": [
            {
              "name": "out",
              "path": "/nix/store/xz8bzpl5fz92bkhcdmf4g45znvvzcakd-git-2.53.0",
              "default": true
            },
            {
              "name": "debug",
              "path": "/nix/store/xr7sgggqixdji66nhax03lwmk25ms7af-git-2.53.0-debug"
            },
            {
              "name": "doc",
              "path": "/nix/store/lspm2ph3iad5y9irmh2wms6bm3nhhy76-git-2.53.0-doc"
            }
          ],
          "store_path": "/nix/store/xz8bzpl5fz92bkhcdmf4g45znvvzcakd-git-2.53.0"
        },
        "x86_64-darwin": {
          "outputs": [
            {
              "name": "out",
              "path": "/nix/store/bmddbpv896f9rgnm0835434qjiqh1psc-git-2.53.0",
              "default": true
            },
            {
              "name": "doc",
              "path": "/nix/store/0wx1wdjy7imyv7cp6p6m2l17ycq7n3q4-git-2.53.0-doc"
            }
          ],
          "store_path": "/nix/store/bmddbpv896f9rgnm0835434qjiqh1psc-git-2.53.0"
        },
        "x86_64-linux": {
          "outputs": [
            {
              "name": "out",
              "path": "/nix/store/8x49w8i0vafv34rlc6h4a0f7z0z2qpb5-git-2.53.0",
              "default": true
            },
            {
              "name": "debug",
              "path": "/nix/store/i9fi7yqx2z2dryn80w5pr4b1v4nmyida-git-2.53.0-debug"
            },
            {
              "name": "doc",
              "path": "/nix/store/frqc9w8q0dxsg7b8w3j0cv1lb9bd6xww-git-2.53.0-doc"
            }
          ],
          "store_path": "/nix/store/8x49w8i0vafv34rlc6h4a0f7z0z2qpb5-git-2.53.0"
        }
      }
    },
    "python311Packages.bcrypt": {
      "resolved": "github:NixOS/nixpkgs/0d59e0290eefe0f12512043842d7096c4070f30e?narHash=sha256-Z63xl5Scj3Y%2FzRBPAWq1eT68n2wBWGCIEF4waZ0bQBE%3D#python311Packages.bcrypt",
      "source": "nixpkg",
      "systems": {
        "aarch64-darwin": {
          "outputs": [
            {
              "path": "/nix/store/4dz8bhavd4h0m7mxdxg7j6s8a83qmx8m-python3.11-bcrypt-5.0.0",
              "default": true
            }
          ]
        }
      }
    },
    "python311Packages.docker@latest": {
      "last_modified": "2024-12-03T12:40:06Z",
      "resolved": "github:NixOS/nixpkgs/566e53c2ad750c84f6d31f9ccb9d00f823165550#python311Packages.docker",
      "source": "devbox-search",
      "version": "7.1.0",
      "systems": {
        "aarch64-darwin": {
          "outputs": [
            {
              "name": "out",
              "path": "/nix/store/7jxchnw9cg1rhramkpz0sfffrdn42i10-python3.11-docker-7.1.0",
              "default": true
            },
            {
              "name": "dist",
              "path": "/nix/store/gy3i1yabvlqiic2qmb01c2m9xva4b41b-python3.11-docker-7.1.0-dist"
            }
          ],
          "store_path": "/nix/store/7jxchnw9cg1rhramkpz0sfffrdn42i10-python3.11-docker-7.1.0"
        },
        "aarch64-linux": {
          "outputs": [
            {
              "name": "out",
              "path": "/nix/store/b79rw2sh37zk85kwg5b87ry6f57v9j85-python3.11-docker-7.1.0",
              "default": true
            },
            {
              "name": "dist",
              "path": "/nix/store/7ycjxvf3aslyh0axaxmkv53p2f0g0ky4-python3.11-docker-7.1.0-dist"
            }
          ],
          "store_path": "/nix/store/b79rw2sh37zk85kwg5b87ry6f57v9j85-python3.11-docker-7.1.0"
        },
        "x86_64-darwin": {
          "outputs": [
            {
              "name": "out",
              "path": "/nix/store/m4cwc6zvlkvszy00fqrqrh8i3l80qyd3-python3.11-docker-7.1.0",
              "default": true
            },
            {
              "name": "dist",
              "path": "/nix/store/pjpdw53xmfhzwd63252jg8lcp18mwv4l-python3.11-docker-7.1.0-dist"
            }
          ],
          "store_path": "/nix/store/m4cwc6zvlkvszy00fqrqrh8i3l80qyd3-python3.11-docker-7.1.0"
        },
        "x86_64-linux": {
          "outputs": [
            {
              "name": "out",
              "path": "/nix/store/5k6kl356axwm783w33yg0k25jkmqnvgp-python3.11-docker-7.1.0",
              "default": true
            },
            {
              "name": "dist",
              "path": "/nix/store/9gc3l2x0vwa6qfbprx7axymjzsvcs61m-python3.11-docker-7.1.0-dist"
            }
          ],
          "store_path": "/nix/store/5k6kl356axwm783w33yg0k25jkmqnvgp-python3.11-docker-7.1.0"
        }
      }
    },
    "python311Packages.pydantic": {
      "resolved": "github:NixOS/nixpkgs/0d59e0290eefe0f12512043842d7096c4070f30e?narHash=sha256-Z63xl5Scj3Y%2FzRBPAWq1eT68n2wBWGCIEF4waZ0bQBE%3D#python311Packages.pydantic",
      "source": "nixpkg",
      "systems": {
        "aarch64-darwin": {
          "outputs": [
            {
              "path": "/nix/store/fwya33dkqmx8gp0ly5aq6pqscnvvc6hi-python3.11-pydantic-2.11.7",
              "default": true
            }
          ]
        }
      }
    },
    "python311Packages.pytest": {
      "resolved": "github:NixOS/nixpkgs/0d59e0290eefe0f12512043842d7096c4070f30e?narHash=sha256-Z63xl5Scj3Y%2FzRBPAWq1eT68n2wBWGCIEF4waZ0bQBE%3D#python311Packages.pytest",
      "source": "nixpkg",
      "systems": {
        "aarch64-darwin": {
          "outputs": [
            {
              "path": "/nix/store/gqky37yynbq4danh48hvjmfyzx28a1gq-python3.11-pytest-8.4.2",
              "default": true
            }
          ]
        }
      }
    },
    "python311Packages.pytest-cov": {
      "resolved": "github:NixOS/nixpkgs/0d59e0290eefe0f12512043842d7096c4070f30e?narHash=sha256-Z63xl5Scj3Y%2FzRBPAWq1eT68n2wBWGCIEF4waZ0bQBE%3D#python311Packages.pytest-cov",
      "source": "nixpkg",
      "systems": {
        "aarch64-darwin": {
          "outputs": [
            {
              "path": "/nix/store/mk2hgldi4vwxmi3skyp8ddmq9gk40gmx-python3.11-pytest-cov-6.2.1",
              "default": true
            }
          ]
        }
      }
    },
    "python311Packages.pyyaml@latest": {
      "last_modified": "2024-12-03T12:40:06Z",
      "resolved": "github:NixOS/nixpkgs/566e53c2ad750c84f6d31f9ccb9d00f823165550#python311Packages.pyyaml",
      "source": "devbox-search",
      "version": "6.0.2",
      "systems": {
        "aarch64-darwin": {
          "outputs": [
            {
              "name": "out",
              "path": "/nix/store/lb90xpkw4j58hnglfylmpspkhwb51vkk-python3.11-pyyaml-6.0.2",
              "default": true
            },
            {
              "name": "dist",
              "path": "/nix/store/wmk39d6dnq0s5qhisfim3kbwg0yjyjy0-python3.11-pyyaml-6.0.2-dist"
            }
          ],
          "store_path": "/nix/store/lb90xpkw4j58hnglfylmpspkhwb51vkk-python3.11-pyyaml-6.0.2"
        },
        "aarch64-linux": {
          "outputs": [
            {
              "name": "out",
              "path": "/nix/store/7gw5f1vbcnq9fwf462xm3qmxxmvf4x9x-python3.11-pyyaml-6.0.2",
              "default": true
            },
            {
              "name": "dist",
              "path": "/nix/store/f888ga1a6m91wpja733wsl60l5xwz7yw-python3.11-pyyaml-6.0.2-dist"
            }
          ],
          "store_path": "/nix/store/7gw5f1vbcnq9fwf462xm3qmxxmvf4x9x-python3.11-pyyaml-6.0.2"
        },
        "x86_64-darwin": {
          "outputs": [
            {
              "name": "out",
              "path": "/nix/store/7hjycsm0v5kzc788s7bzh0s8qfs0d6bm-python3.11-pyyaml-6.0.2",
              "default": true
            },
            {
              "name": "dist",
              "path": "/nix/store/6544bpvcd7v8v1gr0g6117hva8jmmzns-python3.11-pyyaml-6.0.2-dist"
            }
          ],
          "store_path": "/nix/store/7hjycsm0v5kzc788s7bzh0s8qfs0d6bm-python3.11-pyyaml-6.0.2"
        },
        "x86_64-linux": {
          "outputs": [
            {
              "name": "out",
              "path": "/nix/store/1rjppp6jmm23c4i8r5iq5w6q1j81f67y-python3.11-pyyaml-6.0.2",
              "default": true
            },
            {
              "name": "dist",
              "path": "/nix/store/i12506fl6prvz04yvcsxq31dlxg15dsq-python3.11-pyyaml-6.0.2-dist"
            }
          ],
          "store_path": "/nix/store/1rjppp6jmm23c4i8r5iq5w6q1j81f67y-python3.11-pyyaml-6.0.2"
        }
      }
    },
    "python@3.11": {
      "last_modified": "2026-03-07T23:46:50Z",
      "plugin_version": "0.0.4",
      "resolved": "github:NixOS/nixpkgs/0e6cdd5be64608ef630c2e41f8d51d484468492f#python311",
      "source": "devbox-search",
      "version": "3.11.15",
      "systems": {
        "aarch64-darwin": {
          "outputs": [
            {
              "name": "out",
              "path": "/nix/store/y5p2pi469ry2v315qb0skzpif3h2r32a-python3-3.11.15",
              "default": true
            }
          ],
          "store_path": "/nix/store/y5p2pi469ry2v315qb0skzpif3h2r32a-python3-3.11.15"
        },
        "aarch64-linux": {
          "outputs": [
            {
              "name": "out",
              "path": "/nix/store/6p7vbda7p9skjcy64p6ssqq72n59n2xp-python3-3.11.15",
              "default": true
            },
            {
              "name": "debug",
              "path": "/nix/store/ny6q11v4kfwafh3k2r6i5g1zdkpai711-python3-3.11.15-debug"
            }
          ],
          "store_path": "/nix/store/6p7vbda7p9skjcy64p6ssqq72n59n2xp-python3-3.11.15"
        },
        "x86_64-darwin": {
          "outputs": [
            {
              "name": "out",
              "path": "/nix/store/q988llmh5y3adcvzjnjzi3bkval5vgqn-python3-3.11.15",
              "default": true
            }
          ],
          "store_path": "/nix/store/q988llmh5y3adcvzjnjzi3bkval5vgqn-python3-3.11.15"
        },
        "x86_64-linux": {
          "outputs": [
            {
              "name": "out",
              "path": "/nix/store/m0px3sm97qw6s187sq2vjyjl6jvhhgmk-python3-3.11.15",
              "default": true
            },
            {
              "name": "debug",
              "path": "/nix/store/mbl2lx921hgm9zlqyygs4c5zsi0q1xi5-python3-3.11.15-debug"
            }
          ],
          "store_path": "/nix/store/m0px3sm97qw6s187sq2vjyjl6jvhhgmk-python3-3.11.15"
        }
      }
    }
  }
}
